
Microsoft Visual Studio Solution File, Format Version 12.00
# Visual Studio Version 16
VisualStudioVersion = 16.0.32510.428
MinimumVisualStudioVersion = 10.0.40219.1
Project("{FAE04EC0-301F-11D3-BF4B-00C04F79EFBC}") = "SubmissionAssignment", "SubmissionAssignment\SubmissionAssignment.csproj", "{4ED8FE1F-C0EE-4981-9C11-E7E652F70972}"
EndProject
Global
	GlobalSection(SolutionConfigurationPlatforms) = preSolution
		Debug|Any CPU = Debug|Any CPU
		Release|Any CPU = Release|Any CPU
	EndGlobalSection
	GlobalSection(ProjectConfigurationPlatforms) = postSolution
		{4ED8FE1F-C0EE-4981-9C11-E7E652F70972}.Debug|Any CPU.ActiveCfg = Debug|Any CPU
		{4ED8FE1F-C0EE-4981-9C11-E7E652F70972}.Debug|Any CPU.Build.0 = Debug|Any CPU
		{4ED8FE1F-C0EE-4981-9C11-E7E652F70972}.Release|Any CPU.ActiveCfg = Release|Any CPU
		{4ED8FE1F-C0EE-4981-9C11-E7E652F70972}.Release|Any CPU.Build.0 = Release|Any CPU
	EndGlobalSection
	GlobalSection(SolutionProperties) = preSolution
		HideSolutionNode = FALSE
	EndGlobalSection
	GlobalSection(ExtensibilityGlobals) = postSolution
		SolutionGuid = {E6FF2BAB-7BF2-44EB-B307-275C366E75DF}
	EndGlobalSection
EndGlobal
